
Microsoft Visual Studio Solution File, Format Version 12.00
# Visual Studio 15
VisualStudioVersion = 15.0.27703.2026
MinimumVisualStudioVersion = 10.0.40219.1
Project("{FAE04EC0-301F-11D3-BF4B-00C04F79EFBC}") = "csharpCommon", "csharpCommon.csproj", "{B2ECE684-A9AC-47E9-BC52-B2955B7F632E}"
EndProject
Global
	GlobalSection(SolutionConfigurationPlatforms) = preSolution
		Debug|Any CPU = Debug|Any CPU
		Release|Any CPU = Release|Any CPU
	EndGlobalSection
	GlobalSection(ProjectConfigurationPlatforms) = postSolution
		{B2ECE684-A9AC-47E9-BC52-B2955B7F632E}.Debug|Any CPU.ActiveCfg = Debug|Any CPU
		{B2ECE684-A9AC-47E9-BC52-B2955B7F632E}.Debug|Any CPU.Build.0 = Debug|Any CPU
		{B2ECE684-A9AC-47E9-BC52-B2955B7F632E}.Release|Any CPU.ActiveCfg = Release|Any CPU
		{B2ECE684-A9AC-47E9-BC52-B2955B7F632E}.Release|Any CPU.Build.0 = Release|Any CPU
	EndGlobalSection
	GlobalSection(SolutionProperties) = preSolution
		HideSolutionNode = FALSE
	EndGlobalSection
	GlobalSection(ExtensibilityGlobals) = postSolution
		SolutionGuid = {473AA63C-83B2-44B3-B320-A77BC9047086}
	EndGlobalSection
EndGlobal
